
Microsoft Visual Studio Solution File, Format Version 12.00
# Visual Studio Version 17
VisualStudioVersion = 17.8.34322.80
MinimumVisualStudioVersion = 10.0.40219.1
Project("{2150E333-8FDC-42A3-9474-1A3956D46DE8}") = "SM-Post", "SM-Post", "{0332BDD1-9865-44D4-81A5-4D3344BDAB1F}"
EndProject
Project("{2150E333-8FDC-42A3-9474-1A3956D46DE8}") = "Post.Cmd", "Post.Cmd", "{F2E943EA-6080-4416-AEB4-A9B38CA52E58}"
EndProject
Project("{2150E333-8FDC-42A3-9474-1A3956D46DE8}") = "Post.Queries", "Post.Queries", "{027CEB59-57FA-4B53-8CE0-5235F1995A8D}"
EndProject
Project("{9A19103F-16F7-4668-BE54-9A1E7A4F7556}") = "Post.Cmd.Api", "Post.Cmd.Api\Post.Cmd.Api.csproj", "{4ACCDFEE-D330-4259-87D5-2A252FAA247D}"
EndProject
Project("{9A19103F-16F7-4668-BE54-9A1E7A4F7556}") = "Post.Cmd.Domain", "Post.Cmd.Domain\Post.Cmd.Domain.csproj", "{9A57FCFC-BA6B-40E2-B0B5-F752D9B33F7C}"
EndProject
Project("{9A19103F-16F7-4668-BE54-9A1E7A4F7556}") = "Post.Cmd.Infrastructure", "Post.Cmd.Infrastructure\Post.Cmd.Infrastructure.csproj", "{4DCF7272-A985-4303-BE6C-C348D3B1A841}"
EndProject
Project("{9A19103F-16F7-4668-BE54-9A1E7A4F7556}") = "Post.Query.Api", "Post.Query.Api\Post.Query.Api.csproj", "{AB56ECEA-D02F-4FE1-9E45-554C82966A30}"
EndProject
Project("{9A19103F-16F7-4668-BE54-9A1E7A4F7556}") = "Post.Query.Domain", "Post.Query.Domain\Post.Query.Domain.csproj", "{1CC0EDDE-68D4-46B3-9E5D-84124DFFEF3E}"
EndProject
Project("{9A19103F-16F7-4668-BE54-9A1E7A4F7556}") = "Post.Query.Infrastructure", "Post.Query.Infrastructure\Post.Query.Infrastructure.csproj", "{980A039A-3769-42CB-B99B-CA1CD40D426F}"
EndProject
Project("{9A19103F-16F7-4668-BE54-9A1E7A4F7556}") = "Common", "Common\Common.csproj", "{63FB2832-5678-4574-960F-3A4930202675}"
EndProject
Project("{9A19103F-16F7-4668-BE54-9A1E7A4F7556}") = "CQRS.Core", "CQRS.Core\CQRS.Core.csproj", "{E3FB6A63-97E8-483E-A683-8614E081833E}"
EndProject
Global
	GlobalSection(SolutionConfigurationPlatforms) = preSolution
		Debug|Any CPU = Debug|Any CPU
		Release|Any CPU = Release|Any CPU
	EndGlobalSection
	GlobalSection(ProjectConfigurationPlatforms) = postSolution
		{4ACCDFEE-D330-4259-87D5-2A252FAA247D}.Debug|Any CPU.ActiveCfg = Debug|Any CPU
		{4ACCDFEE-D330-4259-87D5-2A252FAA247D}.Debug|Any CPU.Build.0 = Debug|Any CPU
		{4ACCDFEE-D330-4259-87D5-2A252FAA247D}.Release|Any CPU.ActiveCfg = Release|Any CPU
		{4ACCDFEE-D330-4259-87D5-2A252FAA247D}.Release|Any CPU.Build.0 = Release|Any CPU
		{9A57FCFC-BA6B-40E2-B0B5-F752D9B33F7C}.Debug|Any CPU.ActiveCfg = Debug|Any CPU
		{9A57FCFC-BA6B-40E2-B0B5-F752D9B33F7C}.Debug|Any CPU.Build.0 = Debug|Any CPU
		{9A57FCFC-BA6B-40E2-B0B5-F752D9B33F7C}.Release|Any CPU.ActiveCfg = Release|Any CPU
		{9A57FCFC-BA6B-40E2-B0B5-F752D9B33F7C}.Release|Any CPU.Build.0 = Release|Any CPU
		{4DCF7272-A985-4303-BE6C-C348D3B1A841}.Debug|Any CPU.ActiveCfg = Debug|Any CPU
		{4DCF7272-A985-4303-BE6C-C348D3B1A841}.Debug|Any CPU.Build.0 = Debug|Any CPU
		{4DCF7272-A985-4303-BE6C-C348D3B1A841}.Release|Any CPU.ActiveCfg = Release|Any CPU
		{4DCF7272-A985-4303-BE6C-C348D3B1A841}.Release|Any CPU.Build.0 = Release|Any CPU
		{AB56ECEA-D02F-4FE1-9E45-554C82966A30}.Debug|Any CPU.ActiveCfg = Debug|Any CPU
		{AB56ECEA-D02F-4FE1-9E45-554C82966A30}.Debug|Any CPU.Build.0 = Debug|Any CPU
		{AB56ECEA-D02F-4FE1-9E45-554C82966A30}.Release|Any CPU.ActiveCfg = Release|Any CPU
		{AB56ECEA-D02F-4FE1-9E45-554C82966A30}.Release|Any CPU.Build.0 = Release|Any CPU
		{1CC0EDDE-68D4-46B3-9E5D-84124DFFEF3E}.Debug|Any CPU.ActiveCfg = Debug|Any CPU
		{1CC0EDDE-68D4-46B3-9E5D-84124DFFEF3E}.Debug|Any CPU.Build.0 = Debug|Any CPU
		{1CC0EDDE-68D4-46B3-9E5D-84124DFFEF3E}.Release|Any CPU.ActiveCfg = Release|Any CPU
		{1CC0EDDE-68D4-46B3-9E5D-84124DFFEF3E}.Release|Any CPU.Build.0 = Release|Any CPU
		{980A039A-3769-42CB-B99B-CA1CD40D426F}.Debug|Any CPU.ActiveCfg = Debug|Any CPU
		{980A039A-3769-42CB-B99B-CA1CD40D426F}.Debug|Any CPU.Build.0 = Debug|Any CPU
		{980A039A-3769-42CB-B99B-CA1CD40D426F}.Release|Any CPU.ActiveCfg = Release|Any CPU
		{980A039A-3769-42CB-B99B-CA1CD40D426F}.Release|Any CPU.Build.0 = Release|Any CPU
		{63FB2832-5678-4574-960F-3A4930202675}.Debug|Any CPU.ActiveCfg = Debug|Any CPU
		{63FB2832-5678-4574-960F-3A4930202675}.Debug|Any CPU.Build.0 = Debug|Any CPU
		{63FB2832-5678-4574-960F-3A4930202675}.Release|Any CPU.ActiveCfg = Release|Any CPU
		{63FB2832-5678-4574-960F-3A4930202675}.Release|Any CPU.Build.0 = Release|Any CPU
		{E3FB6A63-97E8-483E-A683-8614E081833E}.Debug|Any CPU.ActiveCfg = Debug|Any CPU
		{E3FB6A63-97E8-483E-A683-8614E081833E}.Debug|Any CPU.Build.0 = Debug|Any CPU
		{E3FB6A63-97E8-483E-A683-8614E081833E}.Release|Any CPU.ActiveCfg = Release|Any CPU
		{E3FB6A63-97E8-483E-A683-8614E081833E}.Release|Any CPU.Build.0 = Release|Any CPU
	EndGlobalSection
	GlobalSection(SolutionProperties) = preSolution
		HideSolutionNode = FALSE
	EndGlobalSection
	GlobalSection(NestedProjects) = preSolution
		{F2E943EA-6080-4416-AEB4-A9B38CA52E58} = {0332BDD1-9865-44D4-81A5-4D3344BDAB1F}
		{027CEB59-57FA-4B53-8CE0-5235F1995A8D} = {0332BDD1-9865-44D4-81A5-4D3344BDAB1F}
		{4ACCDFEE-D330-4259-87D5-2A252FAA247D} = {F2E943EA-6080-4416-AEB4-A9B38CA52E58}
		{9A57FCFC-BA6B-40E2-B0B5-F752D9B33F7C} = {F2E943EA-6080-4416-AEB4-A9B38CA52E58}
		{4DCF7272-A985-4303-BE6C-C348D3B1A841} = {F2E943EA-6080-4416-AEB4-A9B38CA52E58}
		{AB56ECEA-D02F-4FE1-9E45-554C82966A30} = {027CEB59-57FA-4B53-8CE0-5235F1995A8D}
		{1CC0EDDE-68D4-46B3-9E5D-84124DFFEF3E} = {027CEB59-57FA-4B53-8CE0-5235F1995A8D}
		{980A039A-3769-42CB-B99B-CA1CD40D426F} = {027CEB59-57FA-4B53-8CE0-5235F1995A8D}
	EndGlobalSection
	GlobalSection(ExtensibilityGlobals) = postSolution
		SolutionGuid = {73B51541-2389-4D23-8803-2811799C67AA}
	EndGlobalSection
EndGlobal
