
Microsoft Visual Studio Solution File, Format Version 12.00
# Visual Studio Version 17
VisualStudioVersion = 17.8.34322.80
MinimumVisualStudioVersion = 10.0.40219.1
Project("{9A19103F-16F7-4668-BE54-9A1E7A4F7556}") = "CQRS.Core", "src\CQRS-ES\CQRS.Core\CQRS.Core.csproj", "{413C999B-FA06-486C-B037-08AE3BA19566}"
EndProject
Project("{9A19103F-16F7-4668-BE54-9A1E7A4F7556}") = "Post.Common", "src\SM-Post\Post.Common\Post.Common.csproj", "{2A3005FC-58E1-4F91-BB11-506738A989CA}"
EndProject
Project("{9A19103F-16F7-4668-BE54-9A1E7A4F7556}") = "Post.Cmd.Api", "src\SM-Post\Post.Cmd\Post.Cmd.Api\Post.Cmd.Api.csproj", "{0C605E98-D2C0-4498-A87D-0981C4AFAE6F}"
EndProject
Project("{9A19103F-16F7-4668-BE54-9A1E7A4F7556}") = "Post.Cmd.Domain", "src\SM-Post\Post.Cmd\Post.Cmd.Domain\Post.Cmd.Domain.csproj", "{A17FFA75-ADA3-4513-B3D2-B7204BADE89A}"
EndProject
Project("{9A19103F-16F7-4668-BE54-9A1E7A4F7556}") = "Post.Cmd.Infrastructure", "src\SM-Post\Post.Cmd\Post.Cmd.Infrastructure\Post.Cmd.Infrastructure.csproj", "{3E59BBAA-CF45-4D4B-8651-9E9E64A2A961}"
EndProject
Project("{9A19103F-16F7-4668-BE54-9A1E7A4F7556}") = "Post.Query.Api", "src\SM-Post\Post.Query\Post.Query.Api\Post.Query.Api.csproj", "{C707218B-9C82-4ABB-91E3-68DB47413B95}"
EndProject
Project("{9A19103F-16F7-4668-BE54-9A1E7A4F7556}") = "Post.Query.Domain", "src\SM-Post\Post.Query\Post.Query.Domain\Post.Query.Domain.csproj", "{B34F813C-9F10-4DD7-AD6A-9BB69BD5D677}"
EndProject
Project("{9A19103F-16F7-4668-BE54-9A1E7A4F7556}") = "Post.Query.Infrastructure", "src\SM-Post\Post.Query\Post.Query.Infrastructure\Post.Query.Infrastructure.csproj", "{9F389300-1FAF-40C2-9EB9-F5388C9D1027}"
EndProject
Project("{2150E333-8FDC-42A3-9474-1A3956D46DE8}") = "Post.Cmd", "Post.Cmd", "{2E5AB92B-2BEA-42E9-9144-A6B7DD060BDB}"
EndProject
Project("{2150E333-8FDC-42A3-9474-1A3956D46DE8}") = "Post.Query", "Post.Query", "{86824104-4A35-4061-9B7E-DBC313D18CF1}"
EndProject
Global
	GlobalSection(SolutionConfigurationPlatforms) = preSolution
		Debug|Any CPU = Debug|Any CPU
		Release|Any CPU = Release|Any CPU
	EndGlobalSection
	GlobalSection(ProjectConfigurationPlatforms) = postSolution
		{413C999B-FA06-486C-B037-08AE3BA19566}.Debug|Any CPU.ActiveCfg = Debug|Any CPU
		{413C999B-FA06-486C-B037-08AE3BA19566}.Debug|Any CPU.Build.0 = Debug|Any CPU
		{413C999B-FA06-486C-B037-08AE3BA19566}.Release|Any CPU.ActiveCfg = Release|Any CPU
		{413C999B-FA06-486C-B037-08AE3BA19566}.Release|Any CPU.Build.0 = Release|Any CPU
		{2A3005FC-58E1-4F91-BB11-506738A989CA}.Debug|Any CPU.ActiveCfg = Debug|Any CPU
		{2A3005FC-58E1-4F91-BB11-506738A989CA}.Debug|Any CPU.Build.0 = Debug|Any CPU
		{2A3005FC-58E1-4F91-BB11-506738A989CA}.Release|Any CPU.ActiveCfg = Release|Any CPU
		{2A3005FC-58E1-4F91-BB11-506738A989CA}.Release|Any CPU.Build.0 = Release|Any CPU
		{0C605E98-D2C0-4498-A87D-0981C4AFAE6F}.Debug|Any CPU.ActiveCfg = Debug|Any CPU
		{0C605E98-D2C0-4498-A87D-0981C4AFAE6F}.Debug|Any CPU.Build.0 = Debug|Any CPU
		{0C605E98-D2C0-4498-A87D-0981C4AFAE6F}.Release|Any CPU.ActiveCfg = Release|Any CPU
		{0C605E98-D2C0-4498-A87D-0981C4AFAE6F}.Release|Any CPU.Build.0 = Release|Any CPU
		{A17FFA75-ADA3-4513-B3D2-B7204BADE89A}.Debug|Any CPU.ActiveCfg = Debug|Any CPU
		{A17FFA75-ADA3-4513-B3D2-B7204BADE89A}.Debug|Any CPU.Build.0 = Debug|Any CPU
		{A17FFA75-ADA3-4513-B3D2-B7204BADE89A}.Release|Any CPU.ActiveCfg = Release|Any CPU
		{A17FFA75-ADA3-4513-B3D2-B7204BADE89A}.Release|Any CPU.Build.0 = Release|Any CPU
		{3E59BBAA-CF45-4D4B-8651-9E9E64A2A961}.Debug|Any CPU.ActiveCfg = Debug|Any CPU
		{3E59BBAA-CF45-4D4B-8651-9E9E64A2A961}.Debug|Any CPU.Build.0 = Debug|Any CPU
		{3E59BBAA-CF45-4D4B-8651-9E9E64A2A961}.Release|Any CPU.ActiveCfg = Release|Any CPU
		{3E59BBAA-CF45-4D4B-8651-9E9E64A2A961}.Release|Any CPU.Build.0 = Release|Any CPU
		{C707218B-9C82-4ABB-91E3-68DB47413B95}.Debug|Any CPU.ActiveCfg = Debug|Any CPU
		{C707218B-9C82-4ABB-91E3-68DB47413B95}.Debug|Any CPU.Build.0 = Debug|Any CPU
		{C707218B-9C82-4ABB-91E3-68DB47413B95}.Release|Any CPU.ActiveCfg = Release|Any CPU
		{C707218B-9C82-4ABB-91E3-68DB47413B95}.Release|Any CPU.Build.0 = Release|Any CPU
		{B34F813C-9F10-4DD7-AD6A-9BB69BD5D677}.Debug|Any CPU.ActiveCfg = Debug|Any CPU
		{B34F813C-9F10-4DD7-AD6A-9BB69BD5D677}.Debug|Any CPU.Build.0 = Debug|Any CPU
		{B34F813C-9F10-4DD7-AD6A-9BB69BD5D677}.Release|Any CPU.ActiveCfg = Release|Any CPU
		{B34F813C-9F10-4DD7-AD6A-9BB69BD5D677}.Release|Any CPU.Build.0 = Release|Any CPU
		{9F389300-1FAF-40C2-9EB9-F5388C9D1027}.Debug|Any CPU.ActiveCfg = Debug|Any CPU
		{9F389300-1FAF-40C2-9EB9-F5388C9D1027}.Debug|Any CPU.Build.0 = Debug|Any CPU
		{9F389300-1FAF-40C2-9EB9-F5388C9D1027}.Release|Any CPU.ActiveCfg = Release|Any CPU
		{9F389300-1FAF-40C2-9EB9-F5388C9D1027}.Release|Any CPU.Build.0 = Release|Any CPU
	EndGlobalSection
	GlobalSection(SolutionProperties) = preSolution
		HideSolutionNode = FALSE
	EndGlobalSection
	GlobalSection(NestedProjects) = preSolution
		{0C605E98-D2C0-4498-A87D-0981C4AFAE6F} = {2E5AB92B-2BEA-42E9-9144-A6B7DD060BDB}
		{A17FFA75-ADA3-4513-B3D2-B7204BADE89A} = {2E5AB92B-2BEA-42E9-9144-A6B7DD060BDB}
		{3E59BBAA-CF45-4D4B-8651-9E9E64A2A961} = {2E5AB92B-2BEA-42E9-9144-A6B7DD060BDB}
		{C707218B-9C82-4ABB-91E3-68DB47413B95} = {86824104-4A35-4061-9B7E-DBC313D18CF1}
		{B34F813C-9F10-4DD7-AD6A-9BB69BD5D677} = {86824104-4A35-4061-9B7E-DBC313D18CF1}
		{9F389300-1FAF-40C2-9EB9-F5388C9D1027} = {86824104-4A35-4061-9B7E-DBC313D18CF1}
	EndGlobalSection
	GlobalSection(ExtensibilityGlobals) = postSolution
		SolutionGuid = {73B51541-2389-4D23-8803-2811799C67AA}
	EndGlobalSection
EndGlobal
